%{
  "exprintf": {:hex, :exprintf, "0.2.1", "b7e895dfb00520cfb7fc1671303b63b37dc3897c59be7cbf1ae62f766a8a0314", [:mix], [], "hexpm", "20a0e8c880be90e56a77fcc82533c5d60c643915c7ce0cc8aa1e06ed6001da28"},
  "exprof": {:hex, :exprof, "0.2.3", "8d4d657d73fc0c9ef1e30b2f9207b26ccbd2aec2baf1ca43f0b6d244c841c9f8", [:mix], [{:exprintf, "~> 0.2", [hex: :exprintf, repo: "hexpm", optional: false]}], "hexpm", "040410c672e2403908f578fb1e203a178692bbcd61b11d3745912662532b1dad"},
  "flow": {:hex, :flow, "1.0.0", "3df0b6687ba01dae248c615d50e1f8b36631e3eb9b9a663adf38262035d9fc08", [:mix], [{:gen_stage, "~> 1.0", [hex: :gen_stage, repo: "hexpm", optional: false]}], "hexpm", "103e0d30539db120a432d6433123a6ed885b10bde244e9f4194e3beee080ac29"},
  "gen_stage": {:hex, :gen_stage, "1.0.0", "51c8ae56ff54f9a2a604ca583798c210ad245f415115453b773b621c49776df5", [:mix], [], "hexpm", "1d9fc978db5305ac54e6f5fec7adf80cd893b1000cf78271564c516aa2af7706"},
  "graphvix": {:hex, :graphvix, "1.0.0", "e1c2e8f2950c0ff43e64f1d3788d095ed7481b29cccaf63f80b2fdf751c6cdd3", [:mix], [], "hexpm", "87ea2fd6c464b434eeafc8bf6fd95d8371e24eac687ad0ef2b7929efd9076d64"},
  "stream_data": {:hex, :stream_data, "0.4.3", "62aafd870caff0849a5057a7ec270fad0eb86889f4d433b937d996de99e3db25", [:mix], [], "hexpm", "7dafd5a801f0bc897f74fcd414651632b77ca367a7ae4568778191fc3bf3a19a"},
}
